
Microsoft Visual Studio Solution File, Format Version 12.00
# Visual Studio Version 16
VisualStudioVersion = 16.0.32228.343
MinimumVisualStudioVersion = 10.0.40219.1
Project("{FAE04EC0-301F-11D3-BF4B-00C04F79EFBC}") = "ProjetoBanco", "ProjetoBanco\ProjetoBanco.csproj", "{B9934245-91C0-4BE2-AA2E-378E875503F3}"
EndProject
Global
	GlobalSection(SolutionConfigurationPlatforms) = preSolution
		Debug|Any CPU = Debug|Any CPU
		Release|Any CPU = Release|Any CPU
	EndGlobalSection
	GlobalSection(ProjectConfigurationPlatforms) = postSolution
		{B9934245-91C0-4BE2-AA2E-378E875503F3}.Debug|Any CPU.ActiveCfg = Debug|Any CPU
		{B9934245-91C0-4BE2-AA2E-378E875503F3}.Debug|Any CPU.Build.0 = Debug|Any CPU
		{B9934245-91C0-4BE2-AA2E-378E875503F3}.Release|Any CPU.ActiveCfg = Release|Any CPU
		{B9934245-91C0-4BE2-AA2E-378E875503F3}.Release|Any CPU.Build.0 = Release|Any CPU
	EndGlobalSection
	GlobalSection(SolutionProperties) = preSolution
		HideSolutionNode = FALSE
	EndGlobalSection
	GlobalSection(ExtensibilityGlobals) = postSolution
		SolutionGuid = {C66C4AD7-2334-4DE7-A2CF-5410D2E5CC91}
	EndGlobalSection
EndGlobal
